{
  "object": {
    "pins": [
      {
        "package": "RestManager",
        "repositoryURL": "https://github.com/ApostolisApo/RestManager.git",
        "state": {
          "branch": "master",
          "revision": "fd050517a6c8a6e8747bcf254c088a98db66028e",
          "version": null
        }
      }
    ]
  },
  "version": 1
}
